
Microsoft Visual Studio Solution File, Format Version 12.00
# Visual Studio 15
VisualStudioVersion = 15.0.27130.2024
MinimumVisualStudioVersion = 10.0.40219.1
Project("{FAE04EC0-301F-11D3-BF4B-00C04F79EFBC}") = "APlogerNU", "APlogerNU\APlogerNU.csproj", "{B8E35C5E-1A1A-4F24-9673-0B48E64F05C6}"
EndProject
Global
	GlobalSection(SolutionConfigurationPlatforms) = preSolution
		Debug|Any CPU = Debug|Any CPU
		Release|Any CPU = Release|Any CPU
	EndGlobalSection
	GlobalSection(ProjectConfigurationPlatforms) = postSolution
		{B8E35C5E-1A1A-4F24-9673-0B48E64F05C6}.Debug|Any CPU.ActiveCfg = Debug|Any CPU
		{B8E35C5E-1A1A-4F24-9673-0B48E64F05C6}.Debug|Any CPU.Build.0 = Debug|Any CPU
		{B8E35C5E-1A1A-4F24-9673-0B48E64F05C6}.Debug|Any CPU.Deploy.0 = Debug|Any CPU
		{B8E35C5E-1A1A-4F24-9673-0B48E64F05C6}.Release|Any CPU.ActiveCfg = Release|Any CPU
		{B8E35C5E-1A1A-4F24-9673-0B48E64F05C6}.Release|Any CPU.Build.0 = Release|Any CPU
		{B8E35C5E-1A1A-4F24-9673-0B48E64F05C6}.Release|Any CPU.Deploy.0 = Release|Any CPU
	EndGlobalSection
	GlobalSection(SolutionProperties) = preSolution
		HideSolutionNode = FALSE
	EndGlobalSection
	GlobalSection(ExtensibilityGlobals) = postSolution
		SolutionGuid = {E3CFC839-AF61-425B-8CF8-7959B67048F0}
	EndGlobalSection
EndGlobal
